Microsoft Visual Studio Solution File, Format Version 11.00
# Visual Studio 2008

Project("{4210D852-F510-E53B-358D-09E0753BCDEF}") = "David_Waves", "Assembly-CSharp.csproj", "{95CCD98A-0BC8-FD16-F91A-562DB9707222}"
EndProject
Global
	GlobalSection(SolutionConfigurationPlatforms) = preSolution
		Debug|Any CPU = Debug|Any CPU
		Release|Any CPU = Release|Any CPU
	EndGlobalSection
	GlobalSection(ProjectConfigurationPlatforms) = postSolution
		{95CCD98A-0BC8-FD16-F91A-562DB9707222}.Debug|Any CPU.ActiveCfg = Debug|Any CPU
		{95CCD98A-0BC8-FD16-F91A-562DB9707222}.Debug|Any CPU.Build.0 = Debug|Any CPU
		{95CCD98A-0BC8-FD16-F91A-562DB9707222}.Release|Any CPU.ActiveCfg = Release|Any CPU
		{95CCD98A-0BC8-FD16-F91A-562DB9707222}.Release|Any CPU.Build.0 = Release|Any CPU
	EndGlobalSection
	GlobalSection(SolutionProperties) = preSolution
		HideSolutionNode = FALSE
	EndGlobalSection
	GlobalSection(MonoDevelopProperties) = preSolution
		StartupItem = Assembly-CSharp.csproj
	EndGlobalSection
EndGlobal
